// !$*UTF8*$!
{
	archiveVersion = 1;
	classes = {
	};
	objectVersion = 46;
	objects = {

/* Begin PBXBuildFile section */
		684BF38C17A65161008DF1F7 /* UIKit.framework in Frameworks */ = {isa = PBXBuildFile; fileRef = 684BF38B17A65161008DF1F7 /* UIKit.framework */; };
		684BF38E17A65161008DF1F7 /* Foundation.framework in Frameworks */ = {isa = PBXBuildFile; fileRef = 684BF38D17A65161008DF1F7 /* Foundation.framework */; };
		684BF39017A65161008DF1F7 /* CoreGraphics.framework in Frameworks */ = {isa = PBXBuildFile; fileRef = 684BF38F17A65161008DF1F7 /* CoreGraphics.framework */; };
		684BF39617A65161008DF1F7 /* InfoPlist.strings in Resources */ = {isa = PBXBuildFile; fileRef = 684BF39417A65161008DF1F7 /* InfoPlist.strings */; };
		684BF39817A65161008DF1F7 /* main.m in Sources */ = {isa = PBXBuildFile; fileRef = 684BF39717A65161008DF1F7 /* main.m */; };
		684BF39C17A65161008DF1F7 /* AppDelegate.m in Sources */ = {isa = PBXBuildFile; fileRef = 684BF39B17A65161008DF1F7 /* AppDelegate.m */; };
		684BF39E17A65161008DF1F7 /* Default.png in Resources */ = {isa = PBXBuildFile; fileRef = 684BF39D17A65161008DF1F7 /* Default.png */; };
		684BF3A017A65161008DF1F7 /* Default@2x.png in Resources */ = {isa = PBXBuildFile; fileRef = 684BF39F17A65161008DF1F7 /* Default@2x.png */; };
		684BF3A217A65161008DF1F7 /* Default-568h@2x.png in Resources */ = {isa = PBXBuildFile; fileRef = 684BF3A117A65161008DF1F7 /* Default-568h@2x.png */; };
		684BF3B517A651DC008DF1F7 /* FirstVC.m in Sources */ = {isa = PBXBuildFile; fileRef = 684BF3B317A651DC008DF1F7 /* FirstVC.m */; };
		684BF3BA17A651EE008DF1F7 /* SecondVC.m in Sources */ = {isa = PBXBuildFile; fileRef = 684BF3B817A651EE008DF1F7 /* SecondVC.m */; };
		684BF3BD17A65271008DF1F7 /* FirstVC_iPhone4.xib in Resources */ = {isa = PBXBuildFile; fileRef = 684BF3BC17A65271008DF1F7 /* FirstVC_iPhone4.xib */; };
		684BF3BF17A65281008DF1F7 /* FirstVC_iPhone5.xib in Resources */ = {isa = PBXBuildFile; fileRef = 684BF3BE17A65281008DF1F7 /* FirstVC_iPhone5.xib */; };
		684BF3C117A65290008DF1F7 /* FirstVC_iPad.xib in Resources */ = {isa = PBXBuildFile; fileRef = 684BF3C017A65290008DF1F7 /* FirstVC_iPad.xib */; };
		684BF3C317A6544D008DF1F7 /* SecondVC_iPad.xib in Resources */ = {isa = PBXBuildFile; fileRef = 684BF3C217A6544D008DF1F7 /* SecondVC_iPad.xib */; };
		684BF3C517A6545E008DF1F7 /* SecondVC_iPhone4.xib in Resources */ = {isa = PBXBuildFile; fileRef = 684BF3C417A6545E008DF1F7 /* SecondVC_iPhone4.xib */; };
		684BF3C717A6546D008DF1F7 /* SecondVC_iPhone5.xib in Resources */ = {isa = PBXBuildFile; fileRef = 684BF3C617A6546D008DF1F7 /* SecondVC_iPhone5.xib */; };
		684BF3CB17A6582B008DF1F7 /* Reachability.m in Sources */ = {isa = PBXBuildFile; fileRef = 684BF3CA17A6582B008DF1F7 /* Reachability.m */; };
		684BF3CD17A65870008DF1F7 /* SystemConfiguration.framework in Frameworks */ = {isa = PBXBuildFile; fileRef = 684BF3CC17A65870008DF1F7 /* SystemConfiguration.framework */; };
/* End PBXBuildFile section */

/* Begin PBXFileReference section */
		684BF38817A65161008DF1F7 /* ReachibiltyDemo.app */ = {isa = PBXFileReference; explicitFileType = wrapper.application; includeInIndex = 0; path = ReachibiltyDemo.app; sourceTree = BUILT_PRODUCTS_DIR; };
		684BF38B17A65161008DF1F7 /* UIKit.framework */ = {isa = PBXFileReference; lastKnownFileType = wrapper.framework; name = UIKit.framework; path = System/Library/Frameworks/UIKit.framework; sourceTree = SDKROOT; };
		684BF38D17A65161008DF1F7 /* Foundation.framework */ = {isa = PBXFileReference; lastKnownFileType = wrapper.framework; name = Foundation.framework; path = System/Library/Frameworks/Foundation.framework; sourceTree = SDKROOT; };
		684BF38F17A65161008DF1F7 /* CoreGraphics.framework */ = {isa = PBXFileReference; lastKnownFileType = wrapper.framework; name = CoreGraphics.framework; path = System/Library/Frameworks/CoreGraphics.framework; sourceTree = SDKROOT; };
		684BF39317A65161008DF1F7 /* ReachibiltyDemo-Info.plist */ = {isa = PBXFileReference; lastKnownFileType = text.plist.xml; path = "ReachibiltyDemo-Info.plist"; sourceTree = "<group>"; };
		684BF39517A65161008DF1F7 /* en */ = {isa = PBXFileReference; lastKnownFileType = text.plist.strings; name = en; path = en.lproj/InfoPlist.strings; sourceTree = "<group>"; };
		684BF39717A65161008DF1F7 /* main.m */ = {isa = PBXFileReference; lastKnownFileType = sourcecode.c.objc; path = main.m; sourceTree = "<group>"; };
		684BF39917A65161008DF1F7 /* ReachibiltyDemo-Prefix.pch */ = {isa = PBXFileReference; lastKnownFileType = sourcecode.c.h; path = "ReachibiltyDemo-Prefix.pch"; sourceTree = "<group>"; };
		684BF39A17A65161008DF1F7 /* AppDelegate.h */ = {isa = PBXFileReference; lastKnownFileType = sourcecode.c.h; path = AppDelegate.h; sourceTree = "<group>"; };
		684BF39B17A65161008DF1F7 /* AppDelegate.m */ = {isa = PBXFileReference; lastKnownFileType = sourcecode.c.objc; path = AppDelegate.m; sourceTree = "<group>"; };
		684BF39D17A65161008DF1F7 /* Default.png */ = {isa = PBXFileReference; lastKnownFileType = image.png; path = Default.png; sourceTree = "<group>"; };
		684BF39F17A65161008DF1F7 /* Default@2x.png */ = {isa = PBXFileReference; lastKnownFileType = image.png; path = "Default@2x.png"; sourceTree = "<group>"; };
		684BF3A117A65161008DF1F7 /* Default-568h@2x.png */ = {isa = PBXFileReference; lastKnownFileType = image.png; path = "Default-568h@2x.png"; sourceTree = "<group>"; };
		684BF3B217A651DC008DF1F7 /* FirstVC.h */ = {isa = PBXFileReference; fileEncoding = 4; lastKnownFileType = sourcecode.c.h; path = FirstVC.h; sourceTree = "<group>"; };
		684BF3B317A651DC008DF1F7 /* FirstVC.m */ = {isa = PBXFileReference; fileEncoding = 4; lastKnownFileType = sourcecode.c.objc; path = FirstVC.m; sourceTree = "<group>"; };
		684BF3B717A651EE008DF1F7 /* SecondVC.h */ = {isa = PBXFileReference; fileEncoding = 4; lastKnownFileType = sourcecode.c.h; path = SecondVC.h; sourceTree = "<group>"; };
		684BF3B817A651EE008DF1F7 /* SecondVC.m */ = {isa = PBXFileReference; fileEncoding = 4; lastKnownFileType = sourcecode.c.objc; path = SecondVC.m; sourceTree = "<group>"; };
		684BF3BC17A65271008DF1F7 /* FirstVC_iPhone4.xib */ = {isa = PBXFileReference; fileEncoding = 4; lastKnownFileType = file.xib; path = FirstVC_iPhone4.xib; sourceTree = "<group>"; };
		684BF3BE17A65281008DF1F7 /* FirstVC_iPhone5.xib */ = {isa = PBXFileReference; fileEncoding = 4; lastKnownFileType = file.xib; path = FirstVC_iPhone5.xib; sourceTree = "<group>"; };
		684BF3C017A65290008DF1F7 /* FirstVC_iPad.xib */ = {isa = PBXFileReference; fileEncoding = 4; lastKnownFileType = file.xib; path = FirstVC_iPad.xib; sourceTree = "<group>"; };
		684BF3C217A6544D008DF1F7 /* SecondVC_iPad.xib */ = {isa = PBXFileReference; fileEncoding = 4; lastKnownFileType = file.xib; path = SecondVC_iPad.xib; sourceTree = "<group>"; };
		684BF3C417A6545E008DF1F7 /* SecondVC_iPhone4.xib */ = {isa = PBXFileReference; fileEncoding = 4; lastKnownFileType = file.xib; path = SecondVC_iPhone4.xib; sourceTree = "<group>"; };
		684BF3C617A6546D008DF1F7 /* SecondVC_iPhone5.xib */ = {isa = PBXFileReference; fileEncoding = 4; lastKnownFileType = file.xib; path = SecondVC_iPhone5.xib; sourceTree = "<group>"; };
		684BF3C917A6582B008DF1F7 /* Reachability.h */ = {isa = PBXFileReference; fileEncoding = 4; lastKnownFileType = sourcecode.c.h; path = Reachability.h; sourceTree = "<group>"; };
		684BF3CA17A6582B008DF1F7 /* Reachability.m */ = {isa = PBXFileReference; fileEncoding = 4; lastKnownFileType = sourcecode.c.objc; path = Reachability.m; sourceTree = "<group>"; };
		684BF3CC17A65870008DF1F7 /* SystemConfiguration.framework */ = {isa = PBXFileReference; lastKnownFileType = wrapper.framework; name = SystemConfiguration.framework; path = System/Library/Frameworks/SystemConfiguration.framework; sourceTree = SDKROOT; };
/* End PBXFileReference section */

/* Begin PBXFrameworksBuildPhase section */
		684BF38517A65161008DF1F7 /* Frameworks */ = {
			isa = PBXFrameworksBuildPhase;
			buildActionMask = 2147483647;
			files = (
				684BF3CD17A65870008DF1F7 /* SystemConfiguration.framework in Frameworks */,
				684BF38C17A65161008DF1F7 /* UIKit.framework in Frameworks */,
				684BF38E17A65161008DF1F7 /* Foundation.framework in Frameworks */,
				684BF39017A65161008DF1F7 /* CoreGraphics.framework in Frameworks */,
			);
			runOnlyForDeploymentPostprocessing = 0;
		};
/* End PBXFrameworksBuildPhase section */

/* Begin PBXGroup section */
		684BF37F17A65161008DF1F7 = {
			isa = PBXGroup;
			children = (
				684BF39117A65161008DF1F7 /* ReachibiltyDemo */,
				684BF38A17A65161008DF1F7 /* Frameworks */,
				684BF38917A65161008DF1F7 /* Products */,
			);
			sourceTree = "<group>";
		};
		684BF38917A65161008DF1F7 /* Products */ = {
			isa = PBXGroup;
			children = (
				684BF38817A65161008DF1F7 /* ReachibiltyDemo.app */,
			);
			name = Products;
			sourceTree = "<group>";
		};
		684BF38A17A65161008DF1F7 /* Frameworks */ = {
			isa = PBXGroup;
			children = (
				684BF3CC17A65870008DF1F7 /* SystemConfiguration.framework */,
				684BF38B17A65161008DF1F7 /* UIKit.framework */,
				684BF38D17A65161008DF1F7 /* Foundation.framework */,
				684BF38F17A65161008DF1F7 /* CoreGraphics.framework */,
			);
			name = Frameworks;
			sourceTree = "<group>";
		};
		684BF39117A65161008DF1F7 /* ReachibiltyDemo */ = {
			isa = PBXGroup;
			children = (
				684BF3B117A6519F008DF1F7 /* Resources */,
				684BF39A17A65161008DF1F7 /* AppDelegate.h */,
				684BF39B17A65161008DF1F7 /* AppDelegate.m */,
				684BF3B217A651DC008DF1F7 /* FirstVC.h */,
				684BF3B317A651DC008DF1F7 /* FirstVC.m */,
				684BF3B717A651EE008DF1F7 /* SecondVC.h */,
				684BF3B817A651EE008DF1F7 /* SecondVC.m */,
				684BF3C917A6582B008DF1F7 /* Reachability.h */,
				684BF3CA17A6582B008DF1F7 /* Reachability.m */,
				684BF39217A65161008DF1F7 /* Supporting Files */,
			);
			path = ReachibiltyDemo;
			sourceTree = "<group>";
		};
		684BF39217A65161008DF1F7 /* Supporting Files */ = {
			isa = PBXGroup;
			children = (
				684BF39317A65161008DF1F7 /* ReachibiltyDemo-Info.plist */,
				684BF39417A65161008DF1F7 /* InfoPlist.strings */,
				684BF39717A65161008DF1F7 /* main.m */,
				684BF39917A65161008DF1F7 /* ReachibiltyDemo-Prefix.pch */,
				684BF39D17A65161008DF1F7 /* Default.png */,
				684BF39F17A65161008DF1F7 /* Default@2x.png */,
				684BF3A117A65161008DF1F7 /* Default-568h@2x.png */,
			);
			name = "Supporting Files";
			sourceTree = "<group>";
		};
		684BF3B117A6519F008DF1F7 /* Resources */ = {
			isa = PBXGroup;
			children = (
				684BF3BC17A65271008DF1F7 /* FirstVC_iPhone4.xib */,
				684BF3BE17A65281008DF1F7 /* FirstVC_iPhone5.xib */,
				684BF3C017A65290008DF1F7 /* FirstVC_iPad.xib */,
				684BF3C217A6544D008DF1F7 /* SecondVC_iPad.xib */,
				684BF3C417A6545E008DF1F7 /* SecondVC_iPhone4.xib */,
				684BF3C617A6546D008DF1F7 /* SecondVC_iPhone5.xib */,
			);
			name = Resources;
			sourceTree = "<group>";
		};
/* End PBXGroup section */

/* Begin PBXNativeTarget section */
		684BF38717A65161008DF1F7 /* ReachibiltyDemo */ = {
			isa = PBXNativeTarget;
			buildConfigurationList = 684BF3AE17A65161008DF1F7 /* Build configuration list for PBXNativeTarget "ReachibiltyDemo" */;
			buildPhases = (
				684BF38417A65161008DF1F7 /* Sources */,
				684BF38517A65161008DF1F7 /* Frameworks */,
				684BF38617A65161008DF1F7 /* Resources */,
			);
			buildRules = (
			);
			dependencies = (
			);
			name = ReachibiltyDemo;
			productName = ReachibiltyDemo;
			productReference = 684BF38817A65161008DF1F7 /* ReachibiltyDemo.app */;
			productType = "com.apple.product-type.application";
		};
/* End PBXNativeTarget section */

/* Begin PBXProject section */
		684BF38017A65161008DF1F7 /* Project object */ = {
			isa = PBXProject;
			attributes = {
				LastUpgradeCheck = 0460;
				ORGANIZATIONNAME = "Sumit Sharma";
			};
			buildConfigurationList = 684BF38317A65161008DF1F7 /* Build configuration list for PBXProject "ReachibiltyDemo" */;
			compatibilityVersion = "Xcode 3.2";
			developmentRegion = English;
			hasScannedForEncodings = 0;
			knownRegions = (
				en,
			);
			mainGroup = 684BF37F17A65161008DF1F7;
			productRefGroup = 684BF38917A65161008DF1F7 /* Products */;
			projectDirPath = "";
			projectRoot = "";
			targets = (
				684BF38717A65161008DF1F7 /* ReachibiltyDemo */,
			);
		};
/* End PBXProject section */

/* Begin PBXResourcesBuildPhase section */
		684BF38617A65161008DF1F7 /* Resources */ = {
			isa = PBXResourcesBuildPhase;
			buildActionMask = 2147483647;
			files = (
				684BF39617A65161008DF1F7 /* InfoPlist.strings in Resources */,
				684BF39E17A65161008DF1F7 /* Default.png in Resources */,
				684BF3A017A65161008DF1F7 /* Default@2x.png in Resources */,
				684BF3A217A65161008DF1F7 /* Default-568h@2x.png in Resources */,
				684BF3BD17A65271008DF1F7 /* FirstVC_iPhone4.xib in Resources */,
				684BF3BF17A65281008DF1F7 /* FirstVC_iPhone5.xib in Resources */,
				684BF3C117A65290008DF1F7 /* FirstVC_iPad.xib in Resources */,
				684BF3C317A6544D008DF1F7 /* SecondVC_iPad.xib in Resources */,
				684BF3C517A6545E008DF1F7 /* SecondVC_iPhone4.xib in Resources */,
				684BF3C717A6546D008DF1F7 /* SecondVC_iPhone5.xib in Resources */,
			);
			runOnlyForDeploymentPostprocessing = 0;
		};
/* End PBXResourcesBuildPhase section */

/* Begin PBXSourcesBuildPhase section */
		684BF38417A65161008DF1F7 /* Sources */ = {
			isa = PBXSourcesBuildPhase;
			buildActionMask = 2147483647;
			files = (
				684BF39817A65161008DF1F7 /* main.m in Sources */,
				684BF39C17A65161008DF1F7 /* AppDelegate.m in Sources */,
				684BF3B517A651DC008DF1F7 /* FirstVC.m in Sources */,
				684BF3BA17A651EE008DF1F7 /* SecondVC.m in Sources */,
				684BF3CB17A6582B008DF1F7 /* Reachability.m in Sources */,
			);
			runOnlyForDeploymentPostprocessing = 0;
		};
/* End PBXSourcesBuildPhase section */

/* Begin PBXVariantGroup section */
		684BF39417A65161008DF1F7 /* InfoPlist.strings */ = {
			isa = PBXVariantGroup;
			children = (
				684BF39517A65161008DF1F7 /* en */,
			);
			name = InfoPlist.strings;
			sourceTree = "<group>";
		};
/* End PBXVariantGroup section */

/* Begin XCBuildConfiguration section */
		684BF3AC17A65161008DF1F7 /* Debug */ = {
			isa = XCBuildConfiguration;
			buildSettings = {
				ALWAYS_SEARCH_USER_PATHS = NO;
				CLANG_CXX_LANGUAGE_STANDARD = "gnu++0x";
				CLANG_CXX_LIBRARY = "libc++";
				CLANG_WARN_CONSTANT_CONVERSION = YES;
				CLANG_WARN_EMPTY_BODY = YES;
				CLANG_WARN_ENUM_CONVERSION = YES;
				CLANG_WARN_INT_CONVERSION = YES;
				CLANG_WARN__DUPLICATE_METHOD_MATCH = YES;
				"CODE_SIGN_IDENTITY[sdk=iphoneos*]" = "iPhone Developer";
				COPY_PHASE_STRIP = NO;
				GCC_C_LANGUAGE_STANDARD = gnu99;
				GCC_DYNAMIC_NO_PIC = NO;
				GCC_OPTIMIZATION_LEVEL = 0;
				GCC_PREPROCESSOR_DEFINITIONS = (
					"DEBUG=1",
					"$(inherited)",
				);
				GCC_SYMBOLS_PRIVATE_EXTERN = NO;
				GCC_WARN_ABOUT_RETURN_TYPE = YES;
				GCC_WARN_UNINITIALIZED_AUTOS = YES;
				GCC_WARN_UNUSED_VARIABLE = YES;
				IPHONEOS_DEPLOYMENT_TARGET = 6.1;
				ONLY_ACTIVE_ARCH = YES;
				SDKROOT = iphoneos;
				TARGETED_DEVICE_FAMILY = "1,2";
			};
			name = Debug;
		};
		684BF3AD17A65161008DF1F7 /* Release */ = {
			isa = XCBuildConfiguration;
			buildSettings = {
				ALWAYS_SEARCH_USER_PATHS = NO;
				CLANG_CXX_LANGUAGE_STANDARD = "gnu++0x";
				CLANG_CXX_LIBRARY = "libc++";
				CLANG_WARN_CONSTANT_CONVERSION = YES;
				CLANG_WARN_EMPTY_BODY = YES;
				CLANG_WARN_ENUM_CONVERSION = YES;
				CLANG_WARN_INT_CONVERSION = YES;
				CLANG_WARN__DUPLICATE_METHOD_MATCH = YES;
				"CODE_SIGN_IDENTITY[sdk=iphoneos*]" = "iPhone Developer";
				COPY_PHASE_STRIP = YES;
				GCC_C_LANGUAGE_STANDARD = gnu99;
				GCC_WARN_ABOUT_RETURN_TYPE = YES;
				GCC_WARN_UNINITIALIZED_AUTOS = YES;
				GCC_WARN_UNUSED_VARIABLE = YES;
				IPHONEOS_DEPLOYMENT_TARGET = 6.1;
				OTHER_CFLAGS = "-DNS_BLOCK_ASSERTIONS=1";
				SDKROOT = iphoneos;
				TARGETED_DEVICE_FAMILY = "1,2";
				VALIDATE_PRODUCT = YES;
			};
			name = Release;
		};
		684BF3AF17A65161008DF1F7 /* Debug */ = {
			isa = XCBuildConfiguration;
			buildSettings = {
				GCC_PRECOMPILE_PREFIX_HEADER = YES;
				GCC_PREFIX_HEADER = "ReachibiltyDemo/ReachibiltyDemo-Prefix.pch";
				INFOPLIST_FILE = "ReachibiltyDemo/ReachibiltyDemo-Info.plist";
				PRODUCT_NAME = "$(TARGET_NAME)";
				WRAPPER_EXTENSION = app;
			};
			name = Debug;
		};
		684BF3B017A65161008DF1F7 /* Release */ = {
			isa = XCBuildConfiguration;
			buildSettings = {
				GCC_PRECOMPILE_PREFIX_HEADER = YES;
				GCC_PREFIX_HEADER = "ReachibiltyDemo/ReachibiltyDemo-Prefix.pch";
				INFOPLIST_FILE = "ReachibiltyDemo/ReachibiltyDemo-Info.plist";
				PRODUCT_NAME = "$(TARGET_NAME)";
				WRAPPER_EXTENSION = app;
			};
			name = Release;
		};
/* End XCBuildConfiguration section */

/* Begin XCConfigurationList section */
		684BF38317A65161008DF1F7 /* Build configuration list for PBXProject "ReachibiltyDemo" */ = {
			isa = XCConfigurationList;
			buildConfigurations = (
				684BF3AC17A65161008DF1F7 /* Debug */,
				684BF3AD17A65161008DF1F7 /* Release */,
			);
			defaultConfigurationIsVisible = 0;
			defaultConfigurationName = Release;
		};
		684BF3AE17A65161008DF1F7 /* Build configuration list for PBXNativeTarget "ReachibiltyDemo" */ = {
			isa = XCConfigurationList;
			buildConfigurations = (
				684BF3AF17A65161008DF1F7 /* Debug */,
				684BF3B017A65161008DF1F7 /* Release */,
			);
			defaultConfigurationIsVisible = 0;
		};
/* End XCConfigurationList section */
	};
	rootObject = 684BF38017A65161008DF1F7 /* Project object */;
}
